
Microsoft Visual Studio Solution File, Format Version 12.00
# Visual Studio Version 17
VisualStudioVersion = 17.5.002.0
MinimumVisualStudioVersion = 10.0.40219.1
Project("{2150E333-8FDC-42A3-9474-1A3956D46DE8}") = "Back", "Back", "{D71A4EF8-D3D4-49A5-BDB0-08386981F54F}"
EndProject
Project("{2150E333-8FDC-42A3-9474-1A3956D46DE8}") = "src", "src", "{3852FD30-CAEA-4E70-8670-784489CE0EED}"
EndProject
Project("{9A19103F-16F7-4668-BE54-9A1E7A4F7556}") = "ProEventos.API", "Back\src\ProEventos.API\ProEventos.API.csproj", "{C110288B-01AF-4118-8612-5996CC075C42}"
EndProject
Global
	GlobalSection(SolutionConfigurationPlatforms) = preSolution
		Debug|Any CPU = Debug|Any CPU
		Release|Any CPU = Release|Any CPU
	EndGlobalSection
	GlobalSection(ProjectConfigurationPlatforms) = postSolution
		{C110288B-01AF-4118-8612-5996CC075C42}.Debug|Any CPU.ActiveCfg = Debug|Any CPU
		{C110288B-01AF-4118-8612-5996CC075C42}.Debug|Any CPU.Build.0 = Debug|Any CPU
		{C110288B-01AF-4118-8612-5996CC075C42}.Release|Any CPU.ActiveCfg = Release|Any CPU
		{C110288B-01AF-4118-8612-5996CC075C42}.Release|Any CPU.Build.0 = Release|Any CPU
	EndGlobalSection
	GlobalSection(SolutionProperties) = preSolution
		HideSolutionNode = FALSE
	EndGlobalSection
	GlobalSection(NestedProjects) = preSolution
		{3852FD30-CAEA-4E70-8670-784489CE0EED} = {D71A4EF8-D3D4-49A5-BDB0-08386981F54F}
		{C110288B-01AF-4118-8612-5996CC075C42} = {3852FD30-CAEA-4E70-8670-784489CE0EED}
	EndGlobalSection
	GlobalSection(ExtensibilityGlobals) = postSolution
		SolutionGuid = {08A83837-9FDC-4111-9F1A-856242C1B166}
	EndGlobalSection
EndGlobal
